PODS:
  - Kingfisher (5.7.1)
  - STPhotoCollection (0.1.2):
    - STPhotoCollection/Core (= 0.1.2)
  - STPhotoCollection/Core (0.1.2):
    - STPhotoCore (~> 0.1.4)
  - STPhotoCore (0.1.4):
    - STPhotoCore/Core (= 0.1.4)
  - STPhotoCore/Core (0.1.4)
  - STPhotoDetails (0.1.0):
    - STPhotoDetails/Core (= 0.1.0)
  - STPhotoDetails/Core (0.1.0):
    - STPhotoCore (~> 0.1.4)
  - STPhotoMap (0.1.3):
    - STPhotoMap/Core (= 0.1.3)
  - STPhotoMap/Core (0.1.3):
    - Kingfisher (~> 5.0)
    - STPhotoCollection (~> 0.1.2)
    - STPhotoCore (~> 0.1.4)
    - STPhotoDetails (~> 0.1.0)

DEPENDENCIES:
  - STPhotoMap (from `https://github.com/mikelanza/st-photo-map-ios.git`)

SPEC REPOS:
  https://github.com/cocoapods/specs.git:
    - Kingfisher
  https://github.com/mikelanza/st-photo-pod-specs.git:
    - STPhotoCollection
    - STPhotoCore
    - STPhotoDetails

EXTERNAL SOURCES:
  STPhotoMap:
    :git: https://github.com/mikelanza/st-photo-map-ios.git

CHECKOUT OPTIONS:
  STPhotoMap:
    :commit: a90f8af1afa41cf2e24e01dd087e5a469230b033
    :git: https://github.com/mikelanza/st-photo-map-ios.git

SPEC CHECKSUMS:
  Kingfisher: 176d377ad339113c99ad4980cbae687f807e20fe
  STPhotoCollection: f4a14bfe0ef9db2cc432dfa78a4be48b6cfa260b
  STPhotoCore: e19e06b105d250eccc370e9fb1bed231d3c84d00
  STPhotoDetails: 98985874b26d913741f63fc37571800fceabcb83
  STPhotoMap: 4e11fe5b3761bd0bae867db2aa4d57f98ec109aa

PODFILE CHECKSUM: 46336be372978e77e147622a173a5fb56f7fd05b

COCOAPODS: 1.7.0.beta.3
