PODS:
  - STPhotoMap (0.0.1):
    - STPhotoMap/Core (= 0.0.1)
  - STPhotoMap/Core (0.0.1)

DEPENDENCIES:
  - STPhotoMap (from `https://github.com/mikelanza/st-photo-map-ios.git`, branch `develop`)

EXTERNAL SOURCES:
  STPhotoMap:
    :branch: develop
    :git: https://github.com/mikelanza/st-photo-map-ios.git

CHECKOUT OPTIONS:
  STPhotoMap:
    :commit: eaa13e246876207cf666b2eb08acd8fbd20fb28f
    :git: https://github.com/mikelanza/st-photo-map-ios.git

SPEC CHECKSUMS:
  STPhotoMap: ff254e5fd64612b7fcd78bd4f6fab0ab91440168

PODFILE CHECKSUM: 5252bfc5f72bc71ba986059667fb456b4f4c1c14

COCOAPODS: 1.7.0.beta.3
