PODS:
  - Kingfisher (5.5.0)
  - STPhotoMap (0.0.1):
    - STPhotoMap/Core (= 0.0.1)
  - STPhotoMap/Core (0.0.1):
    - Kingfisher (~> 5.0)

DEPENDENCIES:
  - STPhotoMap (from `https://github.com/mikelanza/st-photo-map-ios.git`)

SPEC REPOS:
  https://github.com/cocoapods/specs.git:
    - Kingfisher

EXTERNAL SOURCES:
  STPhotoMap:
    :git: https://github.com/mikelanza/st-photo-map-ios.git

CHECKOUT OPTIONS:
  STPhotoMap:
    :commit: 5c6b6d4d7eb4d2d566a350575bb3163fd251c0b6
    :git: https://github.com/mikelanza/st-photo-map-ios.git

SPEC CHECKSUMS:
  Kingfisher: 6fe5e67a90fd335e49b0f5c075ff55ac5ebedd94
  STPhotoMap: a6dec532e37354b5828ae2ce1121991e28e3d984

PODFILE CHECKSUM: c910062fa1e9b7abc61da3793b41d6b61857716d

COCOAPODS: 1.7.0.beta.3
